// !$*UTF8*$!
{
	archiveVersion = 1;
	classes = {
	};
	objectVersion = 55;
	objects = {

/* Begin PBXBuildFile section */
		23870311279B3875002CF434 /* LogStore WatchKit App.app in Embed Watch Content */ = {isa = PBXBuildFile; fileRef = 23870310279B3875002CF434 /* LogStore WatchKit App.app */; settings = {ATTRIBUTES = (RemoveHeadersOnCopy, ); }; };
		23870316279B3877002CF434 /* Assets.xcassets in Resources */ = {isa = PBXBuildFile; fileRef = 23870315279B3877002CF434 /* Assets.xcassets */; };
		2387031C279B3877002CF434 /* LogStore WatchKit Extension.appex in Embed App Extensions */ = {isa = PBXBuildFile; fileRef = 2387031B279B3877002CF434 /* LogStore WatchKit Extension.appex */; settings = {ATTRIBUTES = (RemoveHeadersOnCopy, ); }; };
		23870321279B3877002CF434 /* ContentView.swift in Sources */ = {isa = PBXBuildFile; fileRef = 23870320279B3877002CF434 /* ContentView.swift */; };
		23870323279B3877002CF434 /* LogStoreApp.swift in Sources */ = {isa = PBXBuildFile; fileRef = 23870322279B3877002CF434 /* LogStoreApp.swift */; };
		23870325279B3878002CF434 /* ComplicationController.swift in Sources */ = {isa = PBXBuildFile; fileRef = 23870324279B3878002CF434 /* ComplicationController.swift */; };
		23870327279B3879002CF434 /* Assets.xcassets in Resources */ = {isa = PBXBuildFile; fileRef = 23870326279B3879002CF434 /* Assets.xcassets */; };
		2387032A279B3879002CF434 /* Preview Assets.xcassets in Resources */ = {isa = PBXBuildFile; fileRef = 23870329279B3879002CF434 /* Preview Assets.xcassets */; };
/* End PBXBuildFile section */

/* Begin PBXContainerItemProxy section */
		23870312279B3875002CF434 /* PBXContainerItemProxy */ = {
			isa = PBXContainerItemProxy;
			containerPortal = 23870306279B3875002CF434 /* Project object */;
			proxyType = 1;
			remoteGlobalIDString = 2387030F279B3875002CF434;
			remoteInfo = "LogStore WatchKit App";
		};
		2387031D279B3877002CF434 /* PBXContainerItemProxy */ = {
			isa = PBXContainerItemProxy;
			containerPortal = 23870306279B3875002CF434 /* Project object */;
			proxyType = 1;
			remoteGlobalIDString = 2387031A279B3877002CF434;
			remoteInfo = "LogStore WatchKit Extension";
		};
/* End PBXContainerItemProxy section */

/* Begin PBXCopyFilesBuildPhase section */
		23870331279B3879002CF434 /* Embed App Extensions */ = {
			isa = PBXCopyFilesBuildPhase;
			buildActionMask = 2147483647;
			dstPath = "";
			dstSubfolderSpec = 13;
			files = (
				2387031C279B3877002CF434 /* LogStore WatchKit Extension.appex in Embed App Extensions */,
			);
			name = "Embed App Extensions";
			runOnlyForDeploymentPostprocessing = 0;
		};
		23870335279B3879002CF434 /* Embed Watch Content */ = {
			isa = PBXCopyFilesBuildPhase;
			buildActionMask = 2147483647;
			dstPath = "$(CONTENTS_FOLDER_PATH)/Watch";
			dstSubfolderSpec = 16;
			files = (
				23870311279B3875002CF434 /* LogStore WatchKit App.app in Embed Watch Content */,
			);
			name = "Embed Watch Content";
			runOnlyForDeploymentPostprocessing = 0;
		};
/* End PBXCopyFilesBuildPhase section */

/* Begin PBXFileReference section */
		2387030C279B3875002CF434 /* LogStore.app */ = {isa = PBXFileReference; explicitFileType = wrapper.application; includeInIndex = 0; path = LogStore.app; sourceTree = BUILT_PRODUCTS_DIR; };
		23870310279B3875002CF434 /* LogStore WatchKit App.app */ = {isa = PBXFileReference; explicitFileType = wrapper.application; includeInIndex = 0; path = "LogStore WatchKit App.app"; sourceTree = BUILT_PRODUCTS_DIR; };
		23870315279B3877002CF434 /* Assets.xcassets */ = {isa = PBXFileReference; lastKnownFileType = folder.assetcatalog; path = Assets.xcassets; sourceTree = "<group>"; };
		2387031B279B3877002CF434 /* LogStore WatchKit Extension.appex */ = {isa = PBXFileReference; explicitFileType = "wrapper.app-extension"; includeInIndex = 0; path = "LogStore WatchKit Extension.appex"; sourceTree = BUILT_PRODUCTS_DIR; };
		23870320279B3877002CF434 /* ContentView.swift */ = {isa = PBXFileReference; lastKnownFileType = sourcecode.swift; path = ContentView.swift; sourceTree = "<group>"; };
		23870322279B3877002CF434 /* LogStoreApp.swift */ = {isa = PBXFileReference; lastKnownFileType = sourcecode.swift; path = LogStoreApp.swift; sourceTree = "<group>"; };
		23870324279B3878002CF434 /* ComplicationController.swift */ = {isa = PBXFileReference; lastKnownFileType = sourcecode.swift; path = ComplicationController.swift; sourceTree = "<group>"; };
		23870326279B3879002CF434 /* Assets.xcassets */ = {isa = PBXFileReference; lastKnownFileType = folder.assetcatalog; path = Assets.xcassets; sourceTree = "<group>"; };
		23870329279B3879002CF434 /* Preview Assets.xcassets */ = {isa = PBXFileReference; lastKnownFileType = folder.assetcatalog; path = "Preview Assets.xcassets"; sourceTree = "<group>"; };
		2387032B279B3879002CF434 /* Info.plist */ = {isa = PBXFileReference; lastKnownFileType = text.plist.xml; path = Info.plist; sourceTree = "<group>"; };
/* End PBXFileReference section */

/* Begin PBXFrameworksBuildPhase section */
		23870318279B3877002CF434 /* Frameworks */ = {
			isa = PBXFrameworksBuildPhase;
			buildActionMask = 2147483647;
			files = (
			);
			runOnlyForDeploymentPostprocessing = 0;
		};
/* End PBXFrameworksBuildPhase section */

/* Begin PBXGroup section */
		23870305279B3875002CF434 = {
			isa = PBXGroup;
			children = (
				23870314279B3875002CF434 /* LogStore WatchKit App */,
				2387031F279B3877002CF434 /* LogStore WatchKit Extension */,
				2387030D279B3875002CF434 /* Products */,
			);
			sourceTree = "<group>";
		};
		2387030D279B3875002CF434 /* Products */ = {
			isa = PBXGroup;
			children = (
				2387030C279B3875002CF434 /* LogStore.app */,
				23870310279B3875002CF434 /* LogStore WatchKit App.app */,
				2387031B279B3877002CF434 /* LogStore WatchKit Extension.appex */,
			);
			name = Products;
			sourceTree = "<group>";
		};
		23870314279B3875002CF434 /* LogStore WatchKit App */ = {
			isa = PBXGroup;
			children = (
				23870315279B3877002CF434 /* Assets.xcassets */,
			);
			path = "LogStore WatchKit App";
			sourceTree = "<group>";
		};
		2387031F279B3877002CF434 /* LogStore WatchKit Extension */ = {
			isa = PBXGroup;
			children = (
				23870320279B3877002CF434 /* ContentView.swift */,
				23870322279B3877002CF434 /* LogStoreApp.swift */,
				23870324279B3878002CF434 /* ComplicationController.swift */,
				23870326279B3879002CF434 /* Assets.xcassets */,
				2387032B279B3879002CF434 /* Info.plist */,
				23870328279B3879002CF434 /* Preview Content */,
			);
			path = "LogStore WatchKit Extension";
			sourceTree = "<group>";
		};
		23870328279B3879002CF434 /* Preview Content */ = {
			isa = PBXGroup;
			children = (
				23870329279B3879002CF434 /* Preview Assets.xcassets */,
			);
			path = "Preview Content";
			sourceTree = "<group>";
		};
/* End PBXGroup section */

/* Begin PBXNativeTarget section */
		2387030B279B3875002CF434 /* LogStore */ = {
			isa = PBXNativeTarget;
			buildConfigurationList = 23870336279B3879002CF434 /* Build configuration list for PBXNativeTarget "LogStore" */;
			buildPhases = (
				2387030A279B3875002CF434 /* Resources */,
				23870335279B3879002CF434 /* Embed Watch Content */,
			);
			buildRules = (
			);
			dependencies = (
				23870313279B3875002CF434 /* PBXTargetDependency */,
			);
			name = LogStore;
			productName = LogStore;
			productReference = 2387030C279B3875002CF434 /* LogStore.app */;
			productType = "com.apple.product-type.application.watchapp2-container";
		};
		2387030F279B3875002CF434 /* LogStore WatchKit App */ = {
			isa = PBXNativeTarget;
			buildConfigurationList = 23870332279B3879002CF434 /* Build configuration list for PBXNativeTarget "LogStore WatchKit App" */;
			buildPhases = (
				2387030E279B3875002CF434 /* Resources */,
				23870331279B3879002CF434 /* Embed App Extensions */,
			);
			buildRules = (
			);
			dependencies = (
				2387031E279B3877002CF434 /* PBXTargetDependency */,
			);
			name = "LogStore WatchKit App";
			productName = "LogStore WatchKit App";
			productReference = 23870310279B3875002CF434 /* LogStore WatchKit App.app */;
			productType = "com.apple.product-type.application.watchapp2";
		};
		2387031A279B3877002CF434 /* LogStore WatchKit Extension */ = {
			isa = PBXNativeTarget;
			buildConfigurationList = 2387032E279B3879002CF434 /* Build configuration list for PBXNativeTarget "LogStore WatchKit Extension" */;
			buildPhases = (
				23870317279B3877002CF434 /* Sources */,
				23870318279B3877002CF434 /* Frameworks */,
				23870319279B3877002CF434 /* Resources */,
			);
			buildRules = (
			);
			dependencies = (
			);
			name = "LogStore WatchKit Extension";
			productName = "LogStore WatchKit Extension";
			productReference = 2387031B279B3877002CF434 /* LogStore WatchKit Extension.appex */;
			productType = "com.apple.product-type.watchkit2-extension";
		};
/* End PBXNativeTarget section */

/* Begin PBXProject section */
		23870306279B3875002CF434 /* Project object */ = {
			isa = PBXProject;
			attributes = {
				BuildIndependentTargetsInParallel = 1;
				LastSwiftUpdateCheck = 1320;
				LastUpgradeCheck = 1320;
				TargetAttributes = {
					2387030B279B3875002CF434 = {
						CreatedOnToolsVersion = 13.2.1;
					};
					2387030F279B3875002CF434 = {
						CreatedOnToolsVersion = 13.2.1;
					};
					2387031A279B3877002CF434 = {
						CreatedOnToolsVersion = 13.2.1;
					};
				};
			};
			buildConfigurationList = 23870309279B3875002CF434 /* Build configuration list for PBXProject "LogStore" */;
			compatibilityVersion = "Xcode 13.0";
			developmentRegion = en;
			hasScannedForEncodings = 0;
			knownRegions = (
				en,
				Base,
			);
			mainGroup = 23870305279B3875002CF434;
			productRefGroup = 2387030D279B3875002CF434 /* Products */;
			projectDirPath = "";
			projectRoot = "";
			targets = (
				2387030B279B3875002CF434 /* LogStore */,
				2387030F279B3875002CF434 /* LogStore WatchKit App */,
				2387031A279B3877002CF434 /* LogStore WatchKit Extension */,
			);
		};
/* End PBXProject section */

/* Begin PBXResourcesBuildPhase section */
		2387030A279B3875002CF434 /* Resources */ = {
			isa = PBXResourcesBuildPhase;
			buildActionMask = 2147483647;
			files = (
			);
			runOnlyForDeploymentPostprocessing = 0;
		};
		2387030E279B3875002CF434 /* Resources */ = {
			isa = PBXResourcesBuildPhase;
			buildActionMask = 2147483647;
			files = (
				23870316279B3877002CF434 /* Assets.xcassets in Resources */,
			);
			runOnlyForDeploymentPostprocessing = 0;
		};
		23870319279B3877002CF434 /* Resources */ = {
			isa = PBXResourcesBuildPhase;
			buildActionMask = 2147483647;
			files = (
				2387032A279B3879002CF434 /* Preview Assets.xcassets in Resources */,
				23870327279B3879002CF434 /* Assets.xcassets in Resources */,
			);
			runOnlyForDeploymentPostprocessing = 0;
		};
/* End PBXResourcesBuildPhase section */

/* Begin PBXSourcesBuildPhase section */
		23870317279B3877002CF434 /* Sources */ = {
			isa = PBXSourcesBuildPhase;
			buildActionMask = 2147483647;
			files = (
				23870323279B3877002CF434 /* LogStoreApp.swift in Sources */,
				23870321279B3877002CF434 /* ContentView.swift in Sources */,
				23870325279B3878002CF434 /* ComplicationController.swift in Sources */,
			);
			runOnlyForDeploymentPostprocessing = 0;
		};
/* End PBXSourcesBuildPhase section */

/* Begin PBXTargetDependency section */
		23870313279B3875002CF434 /* PBXTargetDependency */ = {
			isa = PBXTargetDependency;
			target = 2387030F279B3875002CF434 /* LogStore WatchKit App */;
			targetProxy = 23870312279B3875002CF434 /* PBXContainerItemProxy */;
		};
		2387031E279B3877002CF434 /* PBXTargetDependency */ = {
			isa = PBXTargetDependency;
			target = 2387031A279B3877002CF434 /* LogStore WatchKit Extension */;
			targetProxy = 2387031D279B3877002CF434 /* PBXContainerItemProxy */;
		};
/* End PBXTargetDependency section */

/* Begin XCBuildConfiguration section */
		2387032C279B3879002CF434 /* Debug */ = {
			isa = XCBuildConfiguration;
			buildSettings = {
				ALWAYS_SEARCH_USER_PATHS = NO;
				CLANG_ANALYZER_NONNULL = YES;
				CLANG_ANALYZER_NUMBER_OBJECT_CONVERSION = YES_AGGRESSIVE;
				CLANG_CXX_LANGUAGE_STANDARD = "gnu++17";
				CLANG_CXX_LIBRARY = "libc++";
				CLANG_ENABLE_MODULES = YES;
				CLANG_ENABLE_OBJC_ARC = YES;
				CLANG_ENABLE_OBJC_WEAK = YES;
				CLANG_WARN_BLOCK_CAPTURE_AUTORELEASING = YES;
				CLANG_WARN_BOOL_CONVERSION = YES;
				CLANG_WARN_COMMA = YES;
				CLANG_WARN_CONSTANT_CONVERSION = YES;
				CLANG_WARN_DEPRECATED_OBJC_IMPLEMENTATIONS = YES;
				CLANG_WARN_DIRECT_OBJC_ISA_USAGE = YES_ERROR;
				CLANG_WARN_DOCUMENTATION_COMMENTS = YES;
				CLANG_WARN_EMPTY_BODY = YES;
				CLANG_WARN_ENUM_CONVERSION = YES;
				CLANG_WARN_INFINITE_RECURSION = YES;
				CLANG_WARN_INT_CONVERSION = YES;
				CLANG_WARN_NON_LITERAL_NULL_CONVERSION = YES;
				CLANG_WARN_OBJC_IMPLICIT_RETAIN_SELF = YES;
				CLANG_WARN_OBJC_LITERAL_CONVERSION = YES;
				CLANG_WARN_OBJC_ROOT_CLASS = YES_ERROR;
				CLANG_WARN_QUOTED_INCLUDE_IN_FRAMEWORK_HEADER = YES;
				CLANG_WARN_RANGE_LOOP_ANALYSIS = YES;
				CLANG_WARN_STRICT_PROTOTYPES = YES;
				CLANG_WARN_SUSPICIOUS_MOVE = YES;
				CLANG_WARN_UNGUARDED_AVAILABILITY = YES_AGGRESSIVE;
				CLANG_WARN_UNREACHABLE_CODE = YES;
				CLANG_WARN__DUPLICATE_METHOD_MATCH = YES;
				COPY_PHASE_STRIP = NO;
				DEBUG_INFORMATION_FORMAT = dwarf;
				ENABLE_STRICT_OBJC_MSGSEND = YES;
				ENABLE_TESTABILITY = YES;
				GCC_C_LANGUAGE_STANDARD = gnu11;
				GCC_DYNAMIC_NO_PIC = NO;
				GCC_NO_COMMON_BLOCKS = YES;
				GCC_OPTIMIZATION_LEVEL = 0;
				GCC_PREPROCESSOR_DEFINITIONS = (
					"DEBUG=1",
					"$(inherited)",
				);
				GCC_WARN_64_TO_32_BIT_CONVERSION = YES;
				GCC_WARN_ABOUT_RETURN_TYPE = YES_ERROR;
				GCC_WARN_UNDECLARED_SELECTOR = YES;
				GCC_WARN_UNINITIALIZED_AUTOS = YES_AGGRESSIVE;
				GCC_WARN_UNUSED_FUNCTION = YES;
				GCC_WARN_UNUSED_VARIABLE = YES;
				MTL_ENABLE_DEBUG_INFO = INCLUDE_SOURCE;
				MTL_FAST_MATH = YES;
				ONLY_ACTIVE_ARCH = YES;
				SDKROOT = iphoneos;
				SWIFT_ACTIVE_COMPILATION_CONDITIONS = DEBUG;
				SWIFT_OPTIMIZATION_LEVEL = "-Onone";
			};
			name = Debug;
		};
		2387032D279B3879002CF434 /* Release */ = {
			isa = XCBuildConfiguration;
			buildSettings = {
				ALWAYS_SEARCH_USER_PATHS = NO;
				CLANG_ANALYZER_NONNULL = YES;
				CLANG_ANALYZER_NUMBER_OBJECT_CONVERSION = YES_AGGRESSIVE;
				CLANG_CXX_LANGUAGE_STANDARD = "gnu++17";
				CLANG_CXX_LIBRARY = "libc++";
				CLANG_ENABLE_MODULES = YES;
				CLANG_ENABLE_OBJC_ARC = YES;
				CLANG_ENABLE_OBJC_WEAK = YES;
				CLANG_WARN_BLOCK_CAPTURE_AUTORELEASING = YES;
				CLANG_WARN_BOOL_CONVERSION = YES;
				CLANG_WARN_COMMA = YES;
				CLANG_WARN_CONSTANT_CONVERSION = YES;
				CLANG_WARN_DEPRECATED_OBJC_IMPLEMENTATIONS = YES;
				CLANG_WARN_DIRECT_OBJC_ISA_USAGE = YES_ERROR;
				CLANG_WARN_DOCUMENTATION_COMMENTS = YES;
				CLANG_WARN_EMPTY_BODY = YES;
				CLANG_WARN_ENUM_CONVERSION = YES;
				CLANG_WARN_INFINITE_RECURSION = YES;
				CLANG_WARN_INT_CONVERSION = YES;
				CLANG_WARN_NON_LITERAL_NULL_CONVERSION = YES;
				CLANG_WARN_OBJC_IMPLICIT_RETAIN_SELF = YES;
				CLANG_WARN_OBJC_LITERAL_CONVERSION = YES;
				CLANG_WARN_OBJC_ROOT_CLASS = YES_ERROR;
				CLANG_WARN_QUOTED_INCLUDE_IN_FRAMEWORK_HEADER = YES;
				CLANG_WARN_RANGE_LOOP_ANALYSIS = YES;
				CLANG_WARN_STRICT_PROTOTYPES = YES;
				CLANG_WARN_SUSPICIOUS_MOVE = YES;
				CLANG_WARN_UNGUARDED_AVAILABILITY = YES_AGGRESSIVE;
				CLANG_WARN_UNREACHABLE_CODE = YES;
				CLANG_WARN__DUPLICATE_METHOD_MATCH = YES;
				COPY_PHASE_STRIP = NO;
				DEBUG_INFORMATION_FORMAT = "dwarf-with-dsym";
				ENABLE_NS_ASSERTIONS = NO;
				ENABLE_STRICT_OBJC_MSGSEND = YES;
				GCC_C_LANGUAGE_STANDARD = gnu11;
				GCC_NO_COMMON_BLOCKS = YES;
				GCC_WARN_64_TO_32_BIT_CONVERSION = YES;
				GCC_WARN_ABOUT_RETURN_TYPE = YES_ERROR;
				GCC_WARN_UNDECLARED_SELECTOR = YES;
				GCC_WARN_UNINITIALIZED_AUTOS = YES_AGGRESSIVE;
				GCC_WARN_UNUSED_FUNCTION = YES;
				GCC_WARN_UNUSED_VARIABLE = YES;
				MTL_ENABLE_DEBUG_INFO = NO;
				MTL_FAST_MATH = YES;
				SDKROOT = iphoneos;
				SWIFT_COMPILATION_MODE = wholemodule;
				SWIFT_OPTIMIZATION_LEVEL = "-O";
				VALIDATE_PRODUCT = YES;
			};
			name = Release;
		};
		2387032F279B3879002CF434 /* Debug */ = {
			isa = XCBuildConfiguration;
			buildSettings = {
				ASSETCATALOG_COMPILER_COMPLICATION_NAME = Complication;
				CODE_SIGN_STYLE = Automatic;
				CURRENT_PROJECT_VERSION = 1;
				DEVELOPMENT_ASSET_PATHS = "\"LogStore WatchKit Extension/Preview Content\"";
				DEVELOPMENT_TEAM = 5WD9C99DFM;
				ENABLE_PREVIEWS = YES;
				GENERATE_INFOPLIST_FILE = YES;
				INFOPLIST_FILE = "LogStore WatchKit Extension/Info.plist";
				INFOPLIST_KEY_CFBundleDisplayName = "LogStore WatchKit Extension";
				INFOPLIST_KEY_CLKComplicationPrincipalClass = "$(PRODUCT_MODULE_NAME).ComplicationController";
				INFOPLIST_KEY_NSHumanReadableCopyright = "";
				INFOPLIST_KEY_WKWatchOnly = YES;
				LD_RUNPATH_SEARCH_PATHS = (
					"$(inherited)",
					"@executable_path/Frameworks",
					"@executable_path/../../Frameworks",
				);
				MARKETING_VERSION = 1.0;
				PRODUCT_BUNDLE_IDENTIFIER = com.audible.LogStore.watchkitapp.watchkitextension;
				PRODUCT_NAME = "${TARGET_NAME}";
				SDKROOT = watchos;
				SKIP_INSTALL = YES;
				SWIFT_EMIT_LOC_STRINGS = YES;
				SWIFT_VERSION = 5.0;
				TARGETED_DEVICE_FAMILY = 4;
				WATCHOS_DEPLOYMENT_TARGET = 8.3;
			};
			name = Debug;
		};
		23870330279B3879002CF434 /* Release */ = {
			isa = XCBuildConfiguration;
			buildSettings = {
				ASSETCATALOG_COMPILER_COMPLICATION_NAME = Complication;
				CODE_SIGN_STYLE = Automatic;
				CURRENT_PROJECT_VERSION = 1;
				DEVELOPMENT_ASSET_PATHS = "\"LogStore WatchKit Extension/Preview Content\"";
				DEVELOPMENT_TEAM = 5WD9C99DFM;
				ENABLE_PREVIEWS = YES;
				GENERATE_INFOPLIST_FILE = YES;
				INFOPLIST_FILE = "LogStore WatchKit Extension/Info.plist";
				INFOPLIST_KEY_CFBundleDisplayName = "LogStore WatchKit Extension";
				INFOPLIST_KEY_CLKComplicationPrincipalClass = "$(PRODUCT_MODULE_NAME).ComplicationController";
				INFOPLIST_KEY_NSHumanReadableCopyright = "";
				INFOPLIST_KEY_WKWatchOnly = YES;
				LD_RUNPATH_SEARCH_PATHS = (
					"$(inherited)",
					"@executable_path/Frameworks",
					"@executable_path/../../Frameworks",
				);
				MARKETING_VERSION = 1.0;
				PRODUCT_BUNDLE_IDENTIFIER = com.audible.LogStore.watchkitapp.watchkitextension;
				PRODUCT_NAME = "${TARGET_NAME}";
				SDKROOT = watchos;
				SKIP_INSTALL = YES;
				SWIFT_EMIT_LOC_STRINGS = YES;
				SWIFT_VERSION = 5.0;
				TARGETED_DEVICE_FAMILY = 4;
				WATCHOS_DEPLOYMENT_TARGET = 8.3;
			};
			name = Release;
		};
		23870333279B3879002CF434 /* Debug */ = {
			isa = XCBuildConfiguration;
			buildSettings = {
				ALWAYS_EMBED_SWIFT_STANDARD_LIBRARIES = YES;
				ASSETCATALOG_COMPILER_APPICON_NAME = AppIcon;
				ASSETCATALOG_COMPILER_GLOBAL_ACCENT_COLOR_NAME = AccentColor;
				CODE_SIGN_STYLE = Automatic;
				CURRENT_PROJECT_VERSION = 1;
				DEVELOPMENT_TEAM = 5WD9C99DFM;
				GENERATE_INFOPLIST_FILE = YES;
				IBSC_MODULE = LogStore_WatchKit_Extension;
				INFOPLIST_KEY_CFBundleDisplayName = "LogStore WatchKit App";
				INFOPLIST_KEY_UISupportedInterfaceOrientations = "UIInterfaceOrientationPortrait UIInterfaceOrientationPortraitUpsideDown";
				MARKETING_VERSION = 1.0;
				PRODUCT_BUNDLE_IDENTIFIER = com.audible.LogStore.watchkitapp;
				PRODUCT_NAME = "$(TARGET_NAME)";
				SDKROOT = watchos;
				SKIP_INSTALL = YES;
				SWIFT_EMIT_LOC_STRINGS = YES;
				SWIFT_VERSION = 5.0;
				TARGETED_DEVICE_FAMILY = 4;
				WATCHOS_DEPLOYMENT_TARGET = 8.3;
			};
			name = Debug;
		};
		23870334279B3879002CF434 /* Release */ = {
			isa = XCBuildConfiguration;
			buildSettings = {
				ALWAYS_EMBED_SWIFT_STANDARD_LIBRARIES = YES;
				ASSETCATALOG_COMPILER_APPICON_NAME = AppIcon;
				ASSETCATALOG_COMPILER_GLOBAL_ACCENT_COLOR_NAME = AccentColor;
				CODE_SIGN_STYLE = Automatic;
				CURRENT_PROJECT_VERSION = 1;
				DEVELOPMENT_TEAM = 5WD9C99DFM;
				GENERATE_INFOPLIST_FILE = YES;
				IBSC_MODULE = LogStore_WatchKit_Extension;
				INFOPLIST_KEY_CFBundleDisplayName = "LogStore WatchKit App";
				INFOPLIST_KEY_UISupportedInterfaceOrientations = "UIInterfaceOrientationPortrait UIInterfaceOrientationPortraitUpsideDown";
				MARKETING_VERSION = 1.0;
				PRODUCT_BUNDLE_IDENTIFIER = com.audible.LogStore.watchkitapp;
				PRODUCT_NAME = "$(TARGET_NAME)";
				SDKROOT = watchos;
				SKIP_INSTALL = YES;
				SWIFT_EMIT_LOC_STRINGS = YES;
				SWIFT_VERSION = 5.0;
				TARGETED_DEVICE_FAMILY = 4;
				WATCHOS_DEPLOYMENT_TARGET = 8.3;
			};
			name = Release;
		};
		23870337279B3879002CF434 /* Debug */ = {
			isa = XCBuildConfiguration;
			buildSettings = {
				CODE_SIGN_STYLE = Automatic;
				CURRENT_PROJECT_VERSION = 1;
				DEVELOPMENT_TEAM = 5WD9C99DFM;
				MARKETING_VERSION = 1.0;
				PRODUCT_BUNDLE_IDENTIFIER = com.audible.LogStore;
				PRODUCT_NAME = "$(TARGET_NAME)";
				SWIFT_VERSION = 5.0;
			};
			name = Debug;
		};
		23870338279B3879002CF434 /* Release */ = {
			isa = XCBuildConfiguration;
			buildSettings = {
				CODE_SIGN_STYLE = Automatic;
				CURRENT_PROJECT_VERSION = 1;
				DEVELOPMENT_TEAM = 5WD9C99DFM;
				MARKETING_VERSION = 1.0;
				PRODUCT_BUNDLE_IDENTIFIER = com.audible.LogStore;
				PRODUCT_NAME = "$(TARGET_NAME)";
				SWIFT_VERSION = 5.0;
			};
			name = Release;
		};
/* End XCBuildConfiguration section */

/* Begin XCConfigurationList section */
		23870309279B3875002CF434 /* Build configuration list for PBXProject "LogStore" */ = {
			isa = XCConfigurationList;
			buildConfigurations = (
				2387032C279B3879002CF434 /* Debug */,
				2387032D279B3879002CF434 /* Release */,
			);
			defaultConfigurationIsVisible = 0;
			defaultConfigurationName = Release;
		};
		2387032E279B3879002CF434 /* Build configuration list for PBXNativeTarget "LogStore WatchKit Extension" */ = {
			isa = XCConfigurationList;
			buildConfigurations = (
				2387032F279B3879002CF434 /* Debug */,
				23870330279B3879002CF434 /* Release */,
			);
			defaultConfigurationIsVisible = 0;
			defaultConfigurationName = Release;
		};
		23870332279B3879002CF434 /* Build configuration list for PBXNativeTarget "LogStore WatchKit App" */ = {
			isa = XCConfigurationList;
			buildConfigurations = (
				23870333279B3879002CF434 /* Debug */,
				23870334279B3879002CF434 /* Release */,
			);
			defaultConfigurationIsVisible = 0;
			defaultConfigurationName = Release;
		};
		23870336279B3879002CF434 /* Build configuration list for PBXNativeTarget "LogStore" */ = {
			isa = XCConfigurationList;
			buildConfigurations = (
				23870337279B3879002CF434 /* Debug */,
				23870338279B3879002CF434 /* Release */,
			);
			defaultConfigurationIsVisible = 0;
			defaultConfigurationName = Release;
		};
/* End XCConfigurationList section */
	};
	rootObject = 23870306279B3875002CF434 /* Project object */;
}
